# THIS IS AN AUTOGENERATED FILE. DO NOT EDIT THIS FILE DIRECTLY.
# yarn lockfile v1
"@types/node@*":
  version "6.0.46"
  resolved "https://registry.yarnpkg.com/@types/node/-/node-6.0.46.tgz#8d9e48572831f05b11cc4c793754d43437219d62"

"@types/parse5":
  version "2.2.34"
  resolved "https://registry.yarnpkg.com/@types/parse5/-/parse5-2.2.34.tgz#e3870a10e82735a720f62d71dcd183ba78ef3a9d"
  dependencies:
    "@types/node" "*"

parse5:
  version "2.2.3"
  resolved "https://registry.yarnpkg.com/parse5/-/parse5-2.2.3.tgz#0c4fc41c1000c5e6b93d48b03f8083837834e9f6"

